
Microsoft Visual Studio Solution File, Format Version 12.00
# Visual Studio Version 17
VisualStudioVersion = 17.10.34928.147
MinimumVisualStudioVersion = 10.0.40219.1
Project("{FAE04EC0-301F-11D3-BF4B-00C04F79EFBC}") = "MutationTestingDemo", "MutationTestingDemo\MutationTestingDemo.csproj", "{1CFF0D40-8EE1-449F-8EF5-B3DC5789526A}"
EndProject
Project("{FAE04EC0-301F-11D3-BF4B-00C04F79EFBC}") = "TestClass", "TestClass\TestClass.csproj", "{A110D3F4-ECCD-4936-B38D-DC0ABCDFCB10}"
EndProject
Global
	GlobalSection(SolutionConfigurationPlatforms) = preSolution
		Debug|Any CPU = Debug|Any CPU
		Release|Any CPU = Release|Any CPU
	EndGlobalSection
	GlobalSection(ProjectConfigurationPlatforms) = postSolution
		{1CFF0D40-8EE1-449F-8EF5-B3DC5789526A}.Debug|Any CPU.ActiveCfg = Debug|Any CPU
		{1CFF0D40-8EE1-449F-8EF5-B3DC5789526A}.Debug|Any CPU.Build.0 = Debug|Any CPU
		{1CFF0D40-8EE1-449F-8EF5-B3DC5789526A}.Release|Any CPU.ActiveCfg = Release|Any CPU
		{1CFF0D40-8EE1-449F-8EF5-B3DC5789526A}.Release|Any CPU.Build.0 = Release|Any CPU
		{A110D3F4-ECCD-4936-B38D-DC0ABCDFCB10}.Debug|Any CPU.ActiveCfg = Debug|Any CPU
		{A110D3F4-ECCD-4936-B38D-DC0ABCDFCB10}.Debug|Any CPU.Build.0 = Debug|Any CPU
		{A110D3F4-ECCD-4936-B38D-DC0ABCDFCB10}.Release|Any CPU.ActiveCfg = Release|Any CPU
		{A110D3F4-ECCD-4936-B38D-DC0ABCDFCB10}.Release|Any CPU.Build.0 = Release|Any CPU
	EndGlobalSection
	GlobalSection(SolutionProperties) = preSolution
		HideSolutionNode = FALSE
	EndGlobalSection
	GlobalSection(ExtensibilityGlobals) = postSolution
		SolutionGuid = {1A0E59CA-E002-4232-ACC5-014696CFA69F}
	EndGlobalSection
EndGlobal
